
Microsoft Visual Studio Solution File, Format Version 12.00
# Visual Studio Version 17
VisualStudioVersion = 17.2.32526.322
MinimumVisualStudioVersion = 10.0.40219.1
Project("{FAE04EC0-301F-11D3-BF4B-00C04F79EFBC}") = "ToDo_List", "ToDo_List\ToDo_List.csproj", "{31DD674C-B9F6-4E17-A7F1-6C1CCD8A8E48}"
EndProject
Global
	GlobalSection(SolutionConfigurationPlatforms) = preSolution
		Debug|Any CPU = Debug|Any CPU
		Release|Any CPU = Release|Any CPU
	EndGlobalSection
	GlobalSection(ProjectConfigurationPlatforms) = postSolution
		{31DD674C-B9F6-4E17-A7F1-6C1CCD8A8E48}.Debug|Any CPU.ActiveCfg = Debug|Any CPU
		{31DD674C-B9F6-4E17-A7F1-6C1CCD8A8E48}.Debug|Any CPU.Build.0 = Debug|Any CPU
		{31DD674C-B9F6-4E17-A7F1-6C1CCD8A8E48}.Release|Any CPU.ActiveCfg = Release|Any CPU
		{31DD674C-B9F6-4E17-A7F1-6C1CCD8A8E48}.Release|Any CPU.Build.0 = Release|Any CPU
	EndGlobalSection
	GlobalSection(SolutionProperties) = preSolution
		HideSolutionNode = FALSE
	EndGlobalSection
	GlobalSection(ExtensibilityGlobals) = postSolution
		SolutionGuid = {DF86CFED-5235-4C0C-95BD-04801336B228}
	EndGlobalSection
EndGlobal
